Microsoft Visual Studio Solution File, Format Version 11.00
# Visual Studio 2008

Project("{BCBC59F1-C906-2116-E0A4-C8E83A820145}") = "AnimationTester", "Assembly-CSharp-vs.csproj", "{0E72C1E7-260C-30A8-8526-C6118995B45E}"
EndProject
Global
	GlobalSection(SolutionConfigurationPlatforms) = preSolution
		Debug|Any CPU = Debug|Any CPU
		Release|Any CPU = Release|Any CPU
	EndGlobalSection
	GlobalSection(ProjectConfigurationPlatforms) = postSolution
		{0E72C1E7-260C-30A8-8526-C6118995B45E}.Debug|Any CPU.ActiveCfg = Debug|Any CPU
		{0E72C1E7-260C-30A8-8526-C6118995B45E}.Debug|Any CPU.Build.0 = Debug|Any CPU
		{0E72C1E7-260C-30A8-8526-C6118995B45E}.Release|Any CPU.ActiveCfg = Release|Any CPU
		{0E72C1E7-260C-30A8-8526-C6118995B45E}.Release|Any CPU.Build.0 = Release|Any CPU
	EndGlobalSection
	GlobalSection(SolutionProperties) = preSolution
		HideSolutionNode = FALSE
	EndGlobalSection
																																																																																																																																																																																																																																																																																													GlobalSection(MonoDevelopProperties) = preSolution
		StartupItem = Assembly-CSharp.csproj
		Policies = $0
		$0.TextStylePolicy = $1
		$1.inheritsSet = null
		$1.scope = text/x-csharp
		$0.CSharpFormattingPolicy = $2
		$2.inheritsSet = Mono
		$2.inheritsScope = text/x-csharp
		$2.scope = text/x-csharp
		$0.TextStylePolicy = $3
		$3.FileWidth = 120
		$3.TabWidth = 4
		$3.EolMarker = Unix
		$3.inheritsSet = Mono
		$3.inheritsScope = text/plain
		$3.scope = text/plain
	EndGlobalSection

EndGlobal
